<?xml version="1.0" encoding="utf-8"?>
<Project ToolsVersion="4.0" xmlns="http://schemas.microsoft.com/developer/msbuild/2003">
  <ItemGroup>
    <Filter Include="Source Files">
      <UniqueIdentifier>{4FC737F1-C7A5-4376-A066-2A32D752A2FF}</UniqueIdentifier>
      <Extensions>cpp;c;cc;cxx;def;odl;idl;hpj;bat;asm;asmx</Extensions>
    </Filter>
    <Filter Include="Header Files">
      <UniqueIdentifier>{93995380-89BD-4b04-88EB-625FBE52EBFB}</UniqueIdentifier>
      <Extensions>h;hh;hpp;hxx;hm;inl;inc;ipp;xsd</Extensions>
    </Filter>
    <Filter Include="Header Files\vendor">
      <UniqueIdentifier>{91bc48b7-5f10-42bc-84f6-acc42addc4fe}</UniqueIdentifier>
    </Filter>
    <Filter Include="Header Files\vendor\GLFW">
      <UniqueIdentifier>{73039b38-34cd-4d94-a11e-07361965fe98}</UniqueIdentifier>
    </Filter>
    <Filter Include="Header Files\vendor\GLEW">
      <UniqueIdentifier>{cc4b33aa-edef-4342-a6b0-113fc07664b5}</UniqueIdentifier>
    </Filter>
  </ItemGroup>
  <ItemGroup>
    <ClInclude Include="include\rendercontext3d.h">
      <Filter>Header Files</Filter>
    </ClInclude>
    <ClInclude Include="include\renderobject3d.h">
      <Filter>Header Files</Filter>
    </ClInclude>
    <ClInclude Include="include\vec3d.h">
      <Filter>Header Files</Filter>
    </ClInclude>
    <ClInclude Include="include\fluidobj3d.h">
      <Filter>Header Files</Filter>
    </ClInclude>
    <ClInclude Include="include\fluidsolver3d.h">
      <Filter>Header Files</Filter>
    </ClInclude>
    <ClInclude Include="include\grids3d.h">
      <Filter>Header Files</Filter>
    </ClInclude>
    <ClInclude Include="include\mat3d.h">
      <Filter>Header Files</Filter>
    </ClInclude>
    <ClInclude Include="include\vendor\GLEW\eglew.h">
      <Filter>Header Files\vendor\GLEW</Filter>
    </ClInclude>
    <ClInclude Include="include\vendor\GLEW\glew.h">
      <Filter>Header Files\vendor\GLEW</Filter>
    </ClInclude>
    <ClInclude Include="include\vendor\GLEW\glxew.h">
      <Filter>Header Files\vendor\GLEW</Filter>
    </ClInclude>
    <ClInclude Include="include\vendor\GLEW\wglew.h">
      <Filter>Header Files\vendor\GLEW</Filter>
    </ClInclude>
    <ClInclude Include="include\vendor\GLFW\glfw3.h">
      <Filter>Header Files\vendor\GLFW</Filter>
    </ClInclude>
    <ClInclude Include="include\vendor\GLFW\glfw3native.h">
      <Filter>Header Files\vendor\GLFW</Filter>
    </ClInclude>
  </ItemGroup>
  <ItemGroup>
    <ClCompile Include="src\fluidsolver3d.cpp">
      <Filter>Source Files</Filter>
    </ClCompile>
    <ClCompile Include="src\grids3d.cpp">
      <Filter>Source Files</Filter>
    </ClCompile>
    <ClCompile Include="src\main.cpp">
      <Filter>Source Files</Filter>
    </ClCompile>
    <ClCompile Include="src\rendercontext3d.cpp">
      <Filter>Source Files</Filter>
    </ClCompile>
    <ClCompile Include="src\renderobj3d.cpp">
      <Filter>Source Files</Filter>
    </ClCompile>
    <ClCompile Include="src\fluidobj3d.cpp">
      <Filter>Source Files</Filter>
    </ClCompile>
  </ItemGroup>
</Project>